// !$*UTF8*$!
{
	archiveVersion = 1;
	classes = {
	};
	objectVersion = 55;
	objects = {

/* Begin PBXBuildFile section */
		557FD59D270E903D002B188F /* FluentStreamApp.swift in Sources */ = {isa = PBXBuildFile; fileRef = 557FD59C270E903D002B188F /* FluentStreamApp.swift */; };
		557FD59F270E903D002B188F /* ContentView.swift in Sources */ = {isa = PBXBuildFile; fileRef = 557FD59E270E903D002B188F /* ContentView.swift */; };
		557FD5A1270E9040002B188F /* Assets.xcassets in Resources */ = {isa = PBXBuildFile; fileRef = 557FD5A0270E9040002B188F /* Assets.xcassets */; };
		557FD5A4270E9040002B188F /* Preview Assets.xcassets in Resources */ = {isa = PBXBuildFile; fileRef = 557FD5A3270E9040002B188F /* Preview Assets.xcassets */; };
		557FD5AE270E9040002B188F /* FluentStreamTests.swift in Sources */ = {isa = PBXBuildFile; fileRef = 557FD5AD270E9040002B188F /* FluentStreamTests.swift */; };
		557FD5B8270E9040002B188F /* FluentStreamUITests.swift in Sources */ = {isa = PBXBuildFile; fileRef = 557FD5B7270E9040002B188F /* FluentStreamUITests.swift */; };
		557FD5BA270E9040002B188F /* FluentStreamUITestsLaunchTests.swift in Sources */ = {isa = PBXBuildFile; fileRef = 557FD5B9270E9040002B188F /* FluentStreamUITestsLaunchTests.swift */; };
		557FD5C8270E90E0002B188F /* Message.swift in Sources */ = {isa = PBXBuildFile; fileRef = 557FD5C7270E90E0002B188F /* Message.swift */; };
		557FD5C9270E90E0002B188F /* Message.swift in Sources */ = {isa = PBXBuildFile; fileRef = 557FD5C7270E90E0002B188F /* Message.swift */; };
		557FD5CA270E90E0002B188F /* Message.swift in Sources */ = {isa = PBXBuildFile; fileRef = 557FD5C7270E90E0002B188F /* Message.swift */; };
		557FD5CC270E918B002B188F /* Chat.swift in Sources */ = {isa = PBXBuildFile; fileRef = 557FD5CB270E918B002B188F /* Chat.swift */; };
		557FD5CD270E918B002B188F /* Chat.swift in Sources */ = {isa = PBXBuildFile; fileRef = 557FD5CB270E918B002B188F /* Chat.swift */; };
		557FD5CE270E918B002B188F /* Chat.swift in Sources */ = {isa = PBXBuildFile; fileRef = 557FD5CB270E918B002B188F /* Chat.swift */; };
		557FD5D6270E9275002B188F /* ChatManager.swift in Sources */ = {isa = PBXBuildFile; fileRef = 557FD5D5270E9275002B188F /* ChatManager.swift */; };
		557FD5D7270E9275002B188F /* ChatManager.swift in Sources */ = {isa = PBXBuildFile; fileRef = 557FD5D5270E9275002B188F /* ChatManager.swift */; };
		557FD5D8270E9275002B188F /* ChatManager.swift in Sources */ = {isa = PBXBuildFile; fileRef = 557FD5D5270E9275002B188F /* ChatManager.swift */; };
		557FD5DB270E93B2002B188F /* Constants.swift in Sources */ = {isa = PBXBuildFile; fileRef = 557FD5DA270E93B2002B188F /* Constants.swift */; };
		557FD5DC270E93B2002B188F /* Constants.swift in Sources */ = {isa = PBXBuildFile; fileRef = 557FD5DA270E93B2002B188F /* Constants.swift */; };
		557FD5DD270E93B2002B188F /* Constants.swift in Sources */ = {isa = PBXBuildFile; fileRef = 557FD5DA270E93B2002B188F /* Constants.swift */; };
		55B0F4F22717B90000E246F0 /* UserMenu.swift in Sources */ = {isa = PBXBuildFile; fileRef = 55B0F4F12717B90000E246F0 /* UserMenu.swift */; };
		55B0F4F42717C64500E246F0 /* UserMessageView.swift in Sources */ = {isa = PBXBuildFile; fileRef = 55B0F4F32717C64500E246F0 /* UserMessageView.swift */; };
		55B0F4F62717C73900E246F0 /* UserChatItem.swift in Sources */ = {isa = PBXBuildFile; fileRef = 55B0F4F52717C73900E246F0 /* UserChatItem.swift */; };
		55B0F4F82717CAFD00E246F0 /* ChatDateSmall.swift in Sources */ = {isa = PBXBuildFile; fileRef = 55B0F4F72717CAFD00E246F0 /* ChatDateSmall.swift */; };
		55BF3A5B271506EA0036B223 /* BoldText.swift in Sources */ = {isa = PBXBuildFile; fileRef = 55BF3A5A271506EA0036B223 /* BoldText.swift */; };
		55BF3A5D271508840036B223 /* ChatTime.swift in Sources */ = {isa = PBXBuildFile; fileRef = 55BF3A5C271508840036B223 /* ChatTime.swift */; };
		55BF3A5F27150B300036B223 /* Waveforms.swift in Sources */ = {isa = PBXBuildFile; fileRef = 55BF3A5E27150B300036B223 /* Waveforms.swift */; };
		55BF3A6127150D460036B223 /* PlayButton.swift in Sources */ = {isa = PBXBuildFile; fileRef = 55BF3A6027150D460036B223 /* PlayButton.swift */; };
		55BF3A632715117C0036B223 /* PullToRefreshView.swift in Sources */ = {isa = PBXBuildFile; fileRef = 55BF3A622715117C0036B223 /* PullToRefreshView.swift */; };
		55BF3A6527151BBB0036B223 /* SearchBar.swift in Sources */ = {isa = PBXBuildFile; fileRef = 55BF3A6427151BBB0036B223 /* SearchBar.swift */; };
		55BF3A6727151D2E0036B223 /* Colors.swift in Sources */ = {isa = PBXBuildFile; fileRef = 55BF3A6627151D2E0036B223 /* Colors.swift */; };
		55BF3A69271523B90036B223 /* ClearButton.swift in Sources */ = {isa = PBXBuildFile; fileRef = 55BF3A68271523B90036B223 /* ClearButton.swift */; };
		55E4064B2715001D00F8036A /* ChatViewLoadingAnimation.swift in Sources */ = {isa = PBXBuildFile; fileRef = 55E4064A2715001D00F8036A /* ChatViewLoadingAnimation.swift */; };
		55F6BE74270FB51A00243799 /* ChatView.swift in Sources */ = {isa = PBXBuildFile; fileRef = 55F6BE73270FB51A00243799 /* ChatView.swift */; };
		55F6BE75270FB51A00243799 /* ChatView.swift in Sources */ = {isa = PBXBuildFile; fileRef = 55F6BE73270FB51A00243799 /* ChatView.swift */; };
		55F6BE76270FB51A00243799 /* ChatView.swift in Sources */ = {isa = PBXBuildFile; fileRef = 55F6BE73270FB51A00243799 /* ChatView.swift */; };
		55F6BE7C270FB7D400243799 /* AdminChatItem.swift in Sources */ = {isa = PBXBuildFile; fileRef = 55F6BE7B270FB7D400243799 /* AdminChatItem.swift */; };
		55F6BE7D270FB7D400243799 /* AdminChatItem.swift in Sources */ = {isa = PBXBuildFile; fileRef = 55F6BE7B270FB7D400243799 /* AdminChatItem.swift */; };
		55F6BE7E270FB7D400243799 /* AdminChatItem.swift in Sources */ = {isa = PBXBuildFile; fileRef = 55F6BE7B270FB7D400243799 /* AdminChatItem.swift */; };
		55F6BE81270FBA8500243799 /* ChatUser.swift in Sources */ = {isa = PBXBuildFile; fileRef = 55F6BE80270FBA8500243799 /* ChatUser.swift */; };
		55F6BE82270FBA8500243799 /* ChatUser.swift in Sources */ = {isa = PBXBuildFile; fileRef = 55F6BE80270FBA8500243799 /* ChatUser.swift */; };
		55F6BE83270FBA8500243799 /* ChatUser.swift in Sources */ = {isa = PBXBuildFile; fileRef = 55F6BE80270FBA8500243799 /* ChatUser.swift */; };
		55F6BE85270FBB2C00243799 /* ChatDate.swift in Sources */ = {isa = PBXBuildFile; fileRef = 55F6BE84270FBB2C00243799 /* ChatDate.swift */; };
		55F6BE86270FBB2C00243799 /* ChatDate.swift in Sources */ = {isa = PBXBuildFile; fileRef = 55F6BE84270FBB2C00243799 /* ChatDate.swift */; };
		55F6BE87270FBB2C00243799 /* ChatDate.swift in Sources */ = {isa = PBXBuildFile; fileRef = 55F6BE84270FBB2C00243799 /* ChatDate.swift */; };
		55F6BE89270FBB7C00243799 /* DateFormatterUtility.swift in Sources */ = {isa = PBXBuildFile; fileRef = 55F6BE88270FBB7C00243799 /* DateFormatterUtility.swift */; };
		55F6BE8A270FBB7C00243799 /* DateFormatterUtility.swift in Sources */ = {isa = PBXBuildFile; fileRef = 55F6BE88270FBB7C00243799 /* DateFormatterUtility.swift */; };
		55F6BE8B270FBB7C00243799 /* DateFormatterUtility.swift in Sources */ = {isa = PBXBuildFile; fileRef = 55F6BE88270FBB7C00243799 /* DateFormatterUtility.swift */; };
		55F6BE8D270FBFDA00243799 /* Extensions.swift in Sources */ = {isa = PBXBuildFile; fileRef = 55F6BE8C270FBFDA00243799 /* Extensions.swift */; };
		55F6BE8E270FBFDA00243799 /* Extensions.swift in Sources */ = {isa = PBXBuildFile; fileRef = 55F6BE8C270FBFDA00243799 /* Extensions.swift */; };
		55F6BE8F270FBFDA00243799 /* Extensions.swift in Sources */ = {isa = PBXBuildFile; fileRef = 55F6BE8C270FBFDA00243799 /* Extensions.swift */; };
		55F6BE99270FDA7700243799 /* AdminMessageView.swift in Sources */ = {isa = PBXBuildFile; fileRef = 55F6BE98270FDA7700243799 /* AdminMessageView.swift */; };
		55F6BE9A270FDA7700243799 /* AdminMessageView.swift in Sources */ = {isa = PBXBuildFile; fileRef = 55F6BE98270FDA7700243799 /* AdminMessageView.swift */; };
		55F6BE9B270FDA7700243799 /* AdminMessageView.swift in Sources */ = {isa = PBXBuildFile; fileRef = 55F6BE98270FDA7700243799 /* AdminMessageView.swift */; };
		55F6BE9E270FDD8E00243799 /* MessageItem.swift in Sources */ = {isa = PBXBuildFile; fileRef = 55F6BE9D270FDD8E00243799 /* MessageItem.swift */; };
		55F6BE9F270FDD8E00243799 /* MessageItem.swift in Sources */ = {isa = PBXBuildFile; fileRef = 55F6BE9D270FDD8E00243799 /* MessageItem.swift */; };
		55F6BEA0270FDD8E00243799 /* MessageItem.swift in Sources */ = {isa = PBXBuildFile; fileRef = 55F6BE9D270FDD8E00243799 /* MessageItem.swift */; };
		55F6BEA2270FDF9500243799 /* MessageView.swift in Sources */ = {isa = PBXBuildFile; fileRef = 55F6BEA1270FDF9500243799 /* MessageView.swift */; };
		55F6BEA3270FDF9500243799 /* MessageView.swift in Sources */ = {isa = PBXBuildFile; fileRef = 55F6BEA1270FDF9500243799 /* MessageView.swift */; };
		55F6BEA4270FDF9500243799 /* MessageView.swift in Sources */ = {isa = PBXBuildFile; fileRef = 55F6BEA1270FDF9500243799 /* MessageView.swift */; };
/* End PBXBuildFile section */

/* Begin PBXContainerItemProxy section */
		557FD5AA270E9040002B188F /* PBXContainerItemProxy */ = {
			isa = PBXContainerItemProxy;
			containerPortal = 557FD591270E903D002B188F /* Project object */;
			proxyType = 1;
			remoteGlobalIDString = 557FD598270E903D002B188F;
			remoteInfo = FluentStream;
		};
		557FD5B4270E9040002B188F /* PBXContainerItemProxy */ = {
			isa = PBXContainerItemProxy;
			containerPortal = 557FD591270E903D002B188F /* Project object */;
			proxyType = 1;
			remoteGlobalIDString = 557FD598270E903D002B188F;
			remoteInfo = FluentStream;
		};
/* End PBXContainerItemProxy section */

/* Begin PBXFileReference section */
		557FD599270E903D002B188F /* FluentStream.app */ = {isa = PBXFileReference; explicitFileType = wrapper.application; includeInIndex = 0; path = FluentStream.app; sourceTree = BUILT_PRODUCTS_DIR; };
		557FD59C270E903D002B188F /* FluentStreamApp.swift */ = {isa = PBXFileReference; lastKnownFileType = sourcecode.swift; path = FluentStreamApp.swift; sourceTree = "<group>"; };
		557FD59E270E903D002B188F /* ContentView.swift */ = {isa = PBXFileReference; lastKnownFileType = sourcecode.swift; path = ContentView.swift; sourceTree = "<group>"; };
		557FD5A0270E9040002B188F /* Assets.xcassets */ = {isa = PBXFileReference; lastKnownFileType = folder.assetcatalog; path = Assets.xcassets; sourceTree = "<group>"; };
		557FD5A3270E9040002B188F /* Preview Assets.xcassets */ = {isa = PBXFileReference; lastKnownFileType = folder.assetcatalog; path = "Preview Assets.xcassets"; sourceTree = "<group>"; };
		557FD5A9270E9040002B188F /* FluentStreamTests.xctest */ = {isa = PBXFileReference; explicitFileType = wrapper.cfbundle; includeInIndex = 0; path = FluentStreamTests.xctest; sourceTree = BUILT_PRODUCTS_DIR; };
		557FD5AD270E9040002B188F /* FluentStreamTests.swift */ = {isa = PBXFileReference; lastKnownFileType = sourcecode.swift; path = FluentStreamTests.swift; sourceTree = "<group>"; };
		557FD5B3270E9040002B188F /* FluentStreamUITests.xctest */ = {isa = PBXFileReference; explicitFileType = wrapper.cfbundle; includeInIndex = 0; path = FluentStreamUITests.xctest; sourceTree = BUILT_PRODUCTS_DIR; };
		557FD5B7270E9040002B188F /* FluentStreamUITests.swift */ = {isa = PBXFileReference; lastKnownFileType = sourcecode.swift; path = FluentStreamUITests.swift; sourceTree = "<group>"; };
		557FD5B9270E9040002B188F /* FluentStreamUITestsLaunchTests.swift */ = {isa = PBXFileReference; lastKnownFileType = sourcecode.swift; path = FluentStreamUITestsLaunchTests.swift; sourceTree = "<group>"; };
		557FD5C7270E90E0002B188F /* Message.swift */ = {isa = PBXFileReference; lastKnownFileType = sourcecode.swift; path = Message.swift; sourceTree = "<group>"; };
		557FD5CB270E918B002B188F /* Chat.swift */ = {isa = PBXFileReference; lastKnownFileType = sourcecode.swift; path = Chat.swift; sourceTree = "<group>"; };
		557FD5D5270E9275002B188F /* ChatManager.swift */ = {isa = PBXFileReference; lastKnownFileType = sourcecode.swift; path = ChatManager.swift; sourceTree = "<group>"; };
		557FD5DA270E93B2002B188F /* Constants.swift */ = {isa = PBXFileReference; lastKnownFileType = sourcecode.swift; path = Constants.swift; sourceTree = "<group>"; };
		55B0F4F12717B90000E246F0 /* UserMenu.swift */ = {isa = PBXFileReference; lastKnownFileType = sourcecode.swift; path = UserMenu.swift; sourceTree = "<group>"; };
		55B0F4F32717C64500E246F0 /* UserMessageView.swift */ = {isa = PBXFileReference; lastKnownFileType = sourcecode.swift; path = UserMessageView.swift; sourceTree = "<group>"; };
		55B0F4F52717C73900E246F0 /* UserChatItem.swift */ = {isa = PBXFileReference; lastKnownFileType = sourcecode.swift; path = UserChatItem.swift; sourceTree = "<group>"; };
		55B0F4F72717CAFD00E246F0 /* ChatDateSmall.swift */ = {isa = PBXFileReference; lastKnownFileType = sourcecode.swift; path = ChatDateSmall.swift; sourceTree = "<group>"; };
		55BF3A5A271506EA0036B223 /* BoldText.swift */ = {isa = PBXFileReference; lastKnownFileType = sourcecode.swift; path = BoldText.swift; sourceTree = "<group>"; };
		55BF3A5C271508840036B223 /* ChatTime.swift */ = {isa = PBXFileReference; lastKnownFileType = sourcecode.swift; path = ChatTime.swift; sourceTree = "<group>"; };
		55BF3A5E27150B300036B223 /* Waveforms.swift */ = {isa = PBXFileReference; lastKnownFileType = sourcecode.swift; path = Waveforms.swift; sourceTree = "<group>"; };
		55BF3A6027150D460036B223 /* PlayButton.swift */ = {isa = PBXFileReference; lastKnownFileType = sourcecode.swift; path = PlayButton.swift; sourceTree = "<group>"; };
		55BF3A622715117C0036B223 /* PullToRefreshView.swift */ = {isa = PBXFileReference; lastKnownFileType = sourcecode.swift; path = PullToRefreshView.swift; sourceTree = "<group>"; };
		55BF3A6427151BBB0036B223 /* SearchBar.swift */ = {isa = PBXFileReference; lastKnownFileType = sourcecode.swift; path = SearchBar.swift; sourceTree = "<group>"; };
		55BF3A6627151D2E0036B223 /* Colors.swift */ = {isa = PBXFileReference; lastKnownFileType = sourcecode.swift; path = Colors.swift; sourceTree = "<group>"; };
		55BF3A68271523B90036B223 /* ClearButton.swift */ = {isa = PBXFileReference; lastKnownFileType = sourcecode.swift; path = ClearButton.swift; sourceTree = "<group>"; };
		55E4064A2715001D00F8036A /* ChatViewLoadingAnimation.swift */ = {isa = PBXFileReference; lastKnownFileType = sourcecode.swift; path = ChatViewLoadingAnimation.swift; sourceTree = "<group>"; };
		55F6BE73270FB51A00243799 /* ChatView.swift */ = {isa = PBXFileReference; lastKnownFileType = sourcecode.swift; path = ChatView.swift; sourceTree = "<group>"; };
		55F6BE7B270FB7D400243799 /* AdminChatItem.swift */ = {isa = PBXFileReference; lastKnownFileType = sourcecode.swift; path = AdminChatItem.swift; sourceTree = "<group>"; };
		55F6BE80270FBA8500243799 /* ChatUser.swift */ = {isa = PBXFileReference; lastKnownFileType = sourcecode.swift; path = ChatUser.swift; sourceTree = "<group>"; };
		55F6BE84270FBB2C00243799 /* ChatDate.swift */ = {isa = PBXFileReference; lastKnownFileType = sourcecode.swift; path = ChatDate.swift; sourceTree = "<group>"; };
		55F6BE88270FBB7C00243799 /* DateFormatterUtility.swift */ = {isa = PBXFileReference; lastKnownFileType = sourcecode.swift; path = DateFormatterUtility.swift; sourceTree = "<group>"; };
		55F6BE8C270FBFDA00243799 /* Extensions.swift */ = {isa = PBXFileReference; lastKnownFileType = sourcecode.swift; path = Extensions.swift; sourceTree = "<group>"; };
		55F6BE98270FDA7700243799 /* AdminMessageView.swift */ = {isa = PBXFileReference; lastKnownFileType = sourcecode.swift; path = AdminMessageView.swift; sourceTree = "<group>"; };
		55F6BE9D270FDD8E00243799 /* MessageItem.swift */ = {isa = PBXFileReference; lastKnownFileType = sourcecode.swift; path = MessageItem.swift; sourceTree = "<group>"; };
		55F6BEA1270FDF9500243799 /* MessageView.swift */ = {isa = PBXFileReference; lastKnownFileType = sourcecode.swift; path = MessageView.swift; sourceTree = "<group>"; };
/* End PBXFileReference section */

/* Begin PBXFrameworksBuildPhase section */
		557FD596270E903D002B188F /* Frameworks */ = {
			isa = PBXFrameworksBuildPhase;
			buildActionMask = 2147483647;
			files = (
			);
			runOnlyForDeploymentPostprocessing = 0;
		};
		557FD5A6270E9040002B188F /* Frameworks */ = {
			isa = PBXFrameworksBuildPhase;
			buildActionMask = 2147483647;
			files = (
			);
			runOnlyForDeploymentPostprocessing = 0;
		};
		557FD5B0270E9040002B188F /* Frameworks */ = {
			isa = PBXFrameworksBuildPhase;
			buildActionMask = 2147483647;
			files = (
			);
			runOnlyForDeploymentPostprocessing = 0;
		};
/* End PBXFrameworksBuildPhase section */

/* Begin PBXGroup section */
		557FD590270E903D002B188F = {
			isa = PBXGroup;
			children = (
				557FD59B270E903D002B188F /* FluentStream */,
				557FD5AC270E9040002B188F /* FluentStreamTests */,
				557FD5B6270E9040002B188F /* FluentStreamUITests */,
				557FD59A270E903D002B188F /* Products */,
			);
			sourceTree = "<group>";
		};
		557FD59A270E903D002B188F /* Products */ = {
			isa = PBXGroup;
			children = (
				557FD599270E903D002B188F /* FluentStream.app */,
				557FD5A9270E9040002B188F /* FluentStreamTests.xctest */,
				557FD5B3270E9040002B188F /* FluentStreamUITests.xctest */,
			);
			name = Products;
			sourceTree = "<group>";
		};
		557FD59B270E903D002B188F /* FluentStream */ = {
			isa = PBXGroup;
			children = (
				55F6BE7F270FBA6300243799 /* Styles */,
				55F6BE70270FB4F100243799 /* Views */,
				557FD5D9270E93A5002B188F /* Utilities */,
				557FD5D4270E9268002B188F /* Managers */,
				557FD5C6270E90C7002B188F /* Models */,
				557FD59C270E903D002B188F /* FluentStreamApp.swift */,
				557FD59E270E903D002B188F /* ContentView.swift */,
				557FD5A0270E9040002B188F /* Assets.xcassets */,
				557FD5A2270E9040002B188F /* Preview Content */,
			);
			path = FluentStream;
			sourceTree = "<group>";
		};
		557FD5A2270E9040002B188F /* Preview Content */ = {
			isa = PBXGroup;
			children = (
				557FD5A3270E9040002B188F /* Preview Assets.xcassets */,
			);
			path = "Preview Content";
			sourceTree = "<group>";
		};
		557FD5AC270E9040002B188F /* FluentStreamTests */ = {
			isa = PBXGroup;
			children = (
				557FD5AD270E9040002B188F /* FluentStreamTests.swift */,
			);
			path = FluentStreamTests;
			sourceTree = "<group>";
		};
		557FD5B6270E9040002B188F /* FluentStreamUITests */ = {
			isa = PBXGroup;
			children = (
				557FD5B7270E9040002B188F /* FluentStreamUITests.swift */,
				557FD5B9270E9040002B188F /* FluentStreamUITestsLaunchTests.swift */,
			);
			path = FluentStreamUITests;
			sourceTree = "<group>";
		};
		557FD5C6270E90C7002B188F /* Models */ = {
			isa = PBXGroup;
			children = (
				557FD5CB270E918B002B188F /* Chat.swift */,
				557FD5C7270E90E0002B188F /* Message.swift */,
			);
			path = Models;
			sourceTree = "<group>";
		};
		557FD5D4270E9268002B188F /* Managers */ = {
			isa = PBXGroup;
			children = (
				557FD5D5270E9275002B188F /* ChatManager.swift */,
			);
			path = Managers;
			sourceTree = "<group>";
		};
		557FD5D9270E93A5002B188F /* Utilities */ = {
			isa = PBXGroup;
			children = (
				557FD5DA270E93B2002B188F /* Constants.swift */,
				55F6BE88270FBB7C00243799 /* DateFormatterUtility.swift */,
				55F6BE8C270FBFDA00243799 /* Extensions.swift */,
			);
			path = Utilities;
			sourceTree = "<group>";
		};
		55E406492715000100F8036A /* Chats */ = {
			isa = PBXGroup;
			children = (
				55F6BE7B270FB7D400243799 /* AdminChatItem.swift */,
				55F6BE73270FB51A00243799 /* ChatView.swift */,
				55E4064A2715001D00F8036A /* ChatViewLoadingAnimation.swift */,
				55BF3A68271523B90036B223 /* ClearButton.swift */,
				55BF3A622715117C0036B223 /* PullToRefreshView.swift */,
				55BF3A6427151BBB0036B223 /* SearchBar.swift */,
				55B0F4F52717C73900E246F0 /* UserChatItem.swift */,
				55B0F4F12717B90000E246F0 /* UserMenu.swift */,
			);
			path = Chats;
			sourceTree = "<group>";
		};
		55F6BE70270FB4F100243799 /* Views */ = {
			isa = PBXGroup;
			children = (
				55E406492715000100F8036A /* Chats */,
				55F6BE9C270FDBF800243799 /* Messages */,
			);
			path = Views;
			sourceTree = "<group>";
		};
		55F6BE7F270FBA6300243799 /* Styles */ = {
			isa = PBXGroup;
			children = (
				55BF3A5A271506EA0036B223 /* BoldText.swift */,
				55F6BE84270FBB2C00243799 /* ChatDate.swift */,
				55B0F4F72717CAFD00E246F0 /* ChatDateSmall.swift */,
				55BF3A5C271508840036B223 /* ChatTime.swift */,
				55F6BE80270FBA8500243799 /* ChatUser.swift */,
				55BF3A6627151D2E0036B223 /* Colors.swift */,
			);
			path = Styles;
			sourceTree = "<group>";
		};
		55F6BE9C270FDBF800243799 /* Messages */ = {
			isa = PBXGroup;
			children = (
				55F6BE98270FDA7700243799 /* AdminMessageView.swift */,
				55F6BE9D270FDD8E00243799 /* MessageItem.swift */,
				55F6BEA1270FDF9500243799 /* MessageView.swift */,
				55BF3A6027150D460036B223 /* PlayButton.swift */,
				55B0F4F32717C64500E246F0 /* UserMessageView.swift */,
				55BF3A5E27150B300036B223 /* Waveforms.swift */,
			);
			path = Messages;
			sourceTree = "<group>";
		};
/* End PBXGroup section */

/* Begin PBXNativeTarget section */
		557FD598270E903D002B188F /* FluentStream */ = {
			isa = PBXNativeTarget;
			buildConfigurationList = 557FD5BD270E9040002B188F /* Build configuration list for PBXNativeTarget "FluentStream" */;
			buildPhases = (
				557FD595270E903D002B188F /* Sources */,
				557FD596270E903D002B188F /* Frameworks */,
				557FD597270E903D002B188F /* Resources */,
			);
			buildRules = (
			);
			dependencies = (
			);
			name = FluentStream;
			productName = FluentStream;
			productReference = 557FD599270E903D002B188F /* FluentStream.app */;
			productType = "com.apple.product-type.application";
		};
		557FD5A8270E9040002B188F /* FluentStreamTests */ = {
			isa = PBXNativeTarget;
			buildConfigurationList = 557FD5C0270E9040002B188F /* Build configuration list for PBXNativeTarget "FluentStreamTests" */;
			buildPhases = (
				557FD5A5270E9040002B188F /* Sources */,
				557FD5A6270E9040002B188F /* Frameworks */,
				557FD5A7270E9040002B188F /* Resources */,
			);
			buildRules = (
			);
			dependencies = (
				557FD5AB270E9040002B188F /* PBXTargetDependency */,
			);
			name = FluentStreamTests;
			productName = FluentStreamTests;
			productReference = 557FD5A9270E9040002B188F /* FluentStreamTests.xctest */;
			productType = "com.apple.product-type.bundle.unit-test";
		};
		557FD5B2270E9040002B188F /* FluentStreamUITests */ = {
			isa = PBXNativeTarget;
			buildConfigurationList = 557FD5C3270E9040002B188F /* Build configuration list for PBXNativeTarget "FluentStreamUITests" */;
			buildPhases = (
				557FD5AF270E9040002B188F /* Sources */,
				557FD5B0270E9040002B188F /* Frameworks */,
				557FD5B1270E9040002B188F /* Resources */,
			);
			buildRules = (
			);
			dependencies = (
				557FD5B5270E9040002B188F /* PBXTargetDependency */,
			);
			name = FluentStreamUITests;
			productName = FluentStreamUITests;
			productReference = 557FD5B3270E9040002B188F /* FluentStreamUITests.xctest */;
			productType = "com.apple.product-type.bundle.ui-testing";
		};
/* End PBXNativeTarget section */

/* Begin PBXProject section */
		557FD591270E903D002B188F /* Project object */ = {
			isa = PBXProject;
			attributes = {
				BuildIndependentTargetsInParallel = 1;
				LastSwiftUpdateCheck = 1300;
				LastUpgradeCheck = 1300;
				TargetAttributes = {
					557FD598270E903D002B188F = {
						CreatedOnToolsVersion = 13.0;
					};
					557FD5A8270E9040002B188F = {
						CreatedOnToolsVersion = 13.0;
						TestTargetID = 557FD598270E903D002B188F;
					};
					557FD5B2270E9040002B188F = {
						CreatedOnToolsVersion = 13.0;
						TestTargetID = 557FD598270E903D002B188F;
					};
				};
			};
			buildConfigurationList = 557FD594270E903D002B188F /* Build configuration list for PBXProject "FluentStream" */;
			compatibilityVersion = "Xcode 13.0";
			developmentRegion = en;
			hasScannedForEncodings = 0;
			knownRegions = (
				en,
				Base,
			);
			mainGroup = 557FD590270E903D002B188F;
			productRefGroup = 557FD59A270E903D002B188F /* Products */;
			projectDirPath = "";
			projectRoot = "";
			targets = (
				557FD598270E903D002B188F /* FluentStream */,
				557FD5A8270E9040002B188F /* FluentStreamTests */,
				557FD5B2270E9040002B188F /* FluentStreamUITests */,
			);
		};
/* End PBXProject section */

/* Begin PBXResourcesBuildPhase section */
		557FD597270E903D002B188F /* Resources */ = {
			isa = PBXResourcesBuildPhase;
			buildActionMask = 2147483647;
			files = (
				557FD5A4270E9040002B188F /* Preview Assets.xcassets in Resources */,
				557FD5A1270E9040002B188F /* Assets.xcassets in Resources */,
			);
			runOnlyForDeploymentPostprocessing = 0;
		};
		557FD5A7270E9040002B188F /* Resources */ = {
			isa = PBXResourcesBuildPhase;
			buildActionMask = 2147483647;
			files = (
			);
			runOnlyForDeploymentPostprocessing = 0;
		};
		557FD5B1270E9040002B188F /* Resources */ = {
			isa = PBXResourcesBuildPhase;
			buildActionMask = 2147483647;
			files = (
			);
			runOnlyForDeploymentPostprocessing = 0;
		};
/* End PBXResourcesBuildPhase section */

/* Begin PBXSourcesBuildPhase section */
		557FD595270E903D002B188F /* Sources */ = {
			isa = PBXSourcesBuildPhase;
			buildActionMask = 2147483647;
			files = (
				557FD5D6270E9275002B188F /* ChatManager.swift in Sources */,
				55BF3A6127150D460036B223 /* PlayButton.swift in Sources */,
				557FD5C8270E90E0002B188F /* Message.swift in Sources */,
				55BF3A5B271506EA0036B223 /* BoldText.swift in Sources */,
				55E4064B2715001D00F8036A /* ChatViewLoadingAnimation.swift in Sources */,
				55BF3A5F27150B300036B223 /* Waveforms.swift in Sources */,
				55F6BE9E270FDD8E00243799 /* MessageItem.swift in Sources */,
				55BF3A69271523B90036B223 /* ClearButton.swift in Sources */,
				55B0F4F22717B90000E246F0 /* UserMenu.swift in Sources */,
				557FD5CC270E918B002B188F /* Chat.swift in Sources */,
				55F6BE99270FDA7700243799 /* AdminMessageView.swift in Sources */,
				55BF3A6527151BBB0036B223 /* SearchBar.swift in Sources */,
				55F6BE85270FBB2C00243799 /* ChatDate.swift in Sources */,
				55B0F4F82717CAFD00E246F0 /* ChatDateSmall.swift in Sources */,
				55F6BE81270FBA8500243799 /* ChatUser.swift in Sources */,
				55BF3A632715117C0036B223 /* PullToRefreshView.swift in Sources */,
				55BF3A6727151D2E0036B223 /* Colors.swift in Sources */,
				55F6BE89270FBB7C00243799 /* DateFormatterUtility.swift in Sources */,
				557FD59F270E903D002B188F /* ContentView.swift in Sources */,
				55F6BEA2270FDF9500243799 /* MessageView.swift in Sources */,
				55B0F4F62717C73900E246F0 /* UserChatItem.swift in Sources */,
				55F6BE8D270FBFDA00243799 /* Extensions.swift in Sources */,
				55F6BE74270FB51A00243799 /* ChatView.swift in Sources */,
				55BF3A5D271508840036B223 /* ChatTime.swift in Sources */,
				557FD59D270E903D002B188F /* FluentStreamApp.swift in Sources */,
				55B0F4F42717C64500E246F0 /* UserMessageView.swift in Sources */,
				55F6BE7C270FB7D400243799 /* AdminChatItem.swift in Sources */,
				557FD5DB270E93B2002B188F /* Constants.swift in Sources */,
			);
			runOnlyForDeploymentPostprocessing = 0;
		};
		557FD5A5270E9040002B188F /* Sources */ = {
			isa = PBXSourcesBuildPhase;
			buildActionMask = 2147483647;
			files = (
				55F6BE86270FBB2C00243799 /* ChatDate.swift in Sources */,
				55F6BE82270FBA8500243799 /* ChatUser.swift in Sources */,
				55F6BE9F270FDD8E00243799 /* MessageItem.swift in Sources */,
				55F6BE7D270FB7D400243799 /* AdminChatItem.swift in Sources */,
				557FD5DC270E93B2002B188F /* Constants.swift in Sources */,
				55F6BE8A270FBB7C00243799 /* DateFormatterUtility.swift in Sources */,
				557FD5AE270E9040002B188F /* FluentStreamTests.swift in Sources */,
				557FD5CD270E918B002B188F /* Chat.swift in Sources */,
				557FD5C9270E90E0002B188F /* Message.swift in Sources */,
				55F6BE75270FB51A00243799 /* ChatView.swift in Sources */,
				55F6BE8E270FBFDA00243799 /* Extensions.swift in Sources */,
				55F6BE9A270FDA7700243799 /* AdminMessageView.swift in Sources */,
				55F6BEA3270FDF9500243799 /* MessageView.swift in Sources */,
				557FD5D7270E9275002B188F /* ChatManager.swift in Sources */,
			);
			runOnlyForDeploymentPostprocessing = 0;
		};
		557FD5AF270E9040002B188F /* Sources */ = {
			isa = PBXSourcesBuildPhase;
			buildActionMask = 2147483647;
			files = (
				557FD5D8270E9275002B188F /* ChatManager.swift in Sources */,
				557FD5CA270E90E0002B188F /* Message.swift in Sources */,
				55F6BEA0270FDD8E00243799 /* MessageItem.swift in Sources */,
				557FD5CE270E918B002B188F /* Chat.swift in Sources */,
				55F6BE9B270FDA7700243799 /* AdminMessageView.swift in Sources */,
				55F6BE87270FBB2C00243799 /* ChatDate.swift in Sources */,
				55F6BE83270FBA8500243799 /* ChatUser.swift in Sources */,
				55F6BE8B270FBB7C00243799 /* DateFormatterUtility.swift in Sources */,
				557FD5BA270E9040002B188F /* FluentStreamUITestsLaunchTests.swift in Sources */,
				55F6BEA4270FDF9500243799 /* MessageView.swift in Sources */,
				55F6BE8F270FBFDA00243799 /* Extensions.swift in Sources */,
				55F6BE76270FB51A00243799 /* ChatView.swift in Sources */,
				557FD5B8270E9040002B188F /* FluentStreamUITests.swift in Sources */,
				55F6BE7E270FB7D400243799 /* AdminChatItem.swift in Sources */,
				557FD5DD270E93B2002B188F /* Constants.swift in Sources */,
			);
			runOnlyForDeploymentPostprocessing = 0;
		};
/* End PBXSourcesBuildPhase section */

/* Begin PBXTargetDependency section */
		557FD5AB270E9040002B188F /* PBXTargetDependency */ = {
			isa = PBXTargetDependency;
			target = 557FD598270E903D002B188F /* FluentStream */;
			targetProxy = 557FD5AA270E9040002B188F /* PBXContainerItemProxy */;
		};
		557FD5B5270E9040002B188F /* PBXTargetDependency */ = {
			isa = PBXTargetDependency;
			target = 557FD598270E903D002B188F /* FluentStream */;
			targetProxy = 557FD5B4270E9040002B188F /* PBXContainerItemProxy */;
		};
/* End PBXTargetDependency section */

/* Begin XCBuildConfiguration section */
		557FD5BB270E9040002B188F /* Debug */ = {
			isa = XCBuildConfiguration;
			buildSettings = {
				ALWAYS_SEARCH_USER_PATHS = NO;
				CLANG_ANALYZER_NONNULL = YES;
				CLANG_ANALYZER_NUMBER_OBJECT_CONVERSION = YES_AGGRESSIVE;
				CLANG_CXX_LANGUAGE_STANDARD = "gnu++17";
				CLANG_CXX_LIBRARY = "libc++";
				CLANG_ENABLE_MODULES = YES;
				CLANG_ENABLE_OBJC_ARC = YES;
				CLANG_ENABLE_OBJC_WEAK = YES;
				CLANG_WARN_BLOCK_CAPTURE_AUTORELEASING = YES;
				CLANG_WARN_BOOL_CONVERSION = YES;
				CLANG_WARN_COMMA = YES;
				CLANG_WARN_CONSTANT_CONVERSION = YES;
				CLANG_WARN_DEPRECATED_OBJC_IMPLEMENTATIONS = YES;
				CLANG_WARN_DIRECT_OBJC_ISA_USAGE = YES_ERROR;
				CLANG_WARN_DOCUMENTATION_COMMENTS = YES;
				CLANG_WARN_EMPTY_BODY = YES;
				CLANG_WARN_ENUM_CONVERSION = YES;
				CLANG_WARN_INFINITE_RECURSION = YES;
				CLANG_WARN_INT_CONVERSION = YES;
				CLANG_WARN_NON_LITERAL_NULL_CONVERSION = YES;
				CLANG_WARN_OBJC_IMPLICIT_RETAIN_SELF = YES;
				CLANG_WARN_OBJC_LITERAL_CONVERSION = YES;
				CLANG_WARN_OBJC_ROOT_CLASS = YES_ERROR;
				CLANG_WARN_QUOTED_INCLUDE_IN_FRAMEWORK_HEADER = YES;
				CLANG_WARN_RANGE_LOOP_ANALYSIS = YES;
				CLANG_WARN_STRICT_PROTOTYPES = YES;
				CLANG_WARN_SUSPICIOUS_MOVE = YES;
				CLANG_WARN_UNGUARDED_AVAILABILITY = YES_AGGRESSIVE;
				CLANG_WARN_UNREACHABLE_CODE = YES;
				CLANG_WARN__DUPLICATE_METHOD_MATCH = YES;
				COPY_PHASE_STRIP = NO;
				DEBUG_INFORMATION_FORMAT = dwarf;
				ENABLE_STRICT_OBJC_MSGSEND = YES;
				ENABLE_TESTABILITY = YES;
				GCC_C_LANGUAGE_STANDARD = gnu11;
				GCC_DYNAMIC_NO_PIC = NO;
				GCC_NO_COMMON_BLOCKS = YES;
				GCC_OPTIMIZATION_LEVEL = 0;
				GCC_PREPROCESSOR_DEFINITIONS = (
					"DEBUG=1",
					"$(inherited)",
				);
				GCC_WARN_64_TO_32_BIT_CONVERSION = YES;
				GCC_WARN_ABOUT_RETURN_TYPE = YES_ERROR;
				GCC_WARN_UNDECLARED_SELECTOR = YES;
				GCC_WARN_UNINITIALIZED_AUTOS = YES_AGGRESSIVE;
				GCC_WARN_UNUSED_FUNCTION = YES;
				GCC_WARN_UNUSED_VARIABLE = YES;
				IPHONEOS_DEPLOYMENT_TARGET = 15.0;
				MTL_ENABLE_DEBUG_INFO = INCLUDE_SOURCE;
				MTL_FAST_MATH = YES;
				ONLY_ACTIVE_ARCH = YES;
				SDKROOT = iphoneos;
				SWIFT_ACTIVE_COMPILATION_CONDITIONS = DEBUG;
				SWIFT_OPTIMIZATION_LEVEL = "-Onone";
			};
			name = Debug;
		};
		557FD5BC270E9040002B188F /* Release */ = {
			isa = XCBuildConfiguration;
			buildSettings = {
				ALWAYS_SEARCH_USER_PATHS = NO;
				CLANG_ANALYZER_NONNULL = YES;
				CLANG_ANALYZER_NUMBER_OBJECT_CONVERSION = YES_AGGRESSIVE;
				CLANG_CXX_LANGUAGE_STANDARD = "gnu++17";
				CLANG_CXX_LIBRARY = "libc++";
				CLANG_ENABLE_MODULES = YES;
				CLANG_ENABLE_OBJC_ARC = YES;
				CLANG_ENABLE_OBJC_WEAK = YES;
				CLANG_WARN_BLOCK_CAPTURE_AUTORELEASING = YES;
				CLANG_WARN_BOOL_CONVERSION = YES;
				CLANG_WARN_COMMA = YES;
				CLANG_WARN_CONSTANT_CONVERSION = YES;
				CLANG_WARN_DEPRECATED_OBJC_IMPLEMENTATIONS = YES;
				CLANG_WARN_DIRECT_OBJC_ISA_USAGE = YES_ERROR;
				CLANG_WARN_DOCUMENTATION_COMMENTS = YES;
				CLANG_WARN_EMPTY_BODY = YES;
				CLANG_WARN_ENUM_CONVERSION = YES;
				CLANG_WARN_INFINITE_RECURSION = YES;
				CLANG_WARN_INT_CONVERSION = YES;
				CLANG_WARN_NON_LITERAL_NULL_CONVERSION = YES;
				CLANG_WARN_OBJC_IMPLICIT_RETAIN_SELF = YES;
				CLANG_WARN_OBJC_LITERAL_CONVERSION = YES;
				CLANG_WARN_OBJC_ROOT_CLASS = YES_ERROR;
				CLANG_WARN_QUOTED_INCLUDE_IN_FRAMEWORK_HEADER = YES;
				CLANG_WARN_RANGE_LOOP_ANALYSIS = YES;
				CLANG_WARN_STRICT_PROTOTYPES = YES;
				CLANG_WARN_SUSPICIOUS_MOVE = YES;
				CLANG_WARN_UNGUARDED_AVAILABILITY = YES_AGGRESSIVE;
				CLANG_WARN_UNREACHABLE_CODE = YES;
				CLANG_WARN__DUPLICATE_METHOD_MATCH = YES;
				COPY_PHASE_STRIP = NO;
				DEBUG_INFORMATION_FORMAT = "dwarf-with-dsym";
				ENABLE_NS_ASSERTIONS = NO;
				ENABLE_STRICT_OBJC_MSGSEND = YES;
				GCC_C_LANGUAGE_STANDARD = gnu11;
				GCC_NO_COMMON_BLOCKS = YES;
				GCC_WARN_64_TO_32_BIT_CONVERSION = YES;
				GCC_WARN_ABOUT_RETURN_TYPE = YES_ERROR;
				GCC_WARN_UNDECLARED_SELECTOR = YES;
				GCC_WARN_UNINITIALIZED_AUTOS = YES_AGGRESSIVE;
				GCC_WARN_UNUSED_FUNCTION = YES;
				GCC_WARN_UNUSED_VARIABLE = YES;
				IPHONEOS_DEPLOYMENT_TARGET = 15.0;
				MTL_ENABLE_DEBUG_INFO = NO;
				MTL_FAST_MATH = YES;
				SDKROOT = iphoneos;
				SWIFT_COMPILATION_MODE = wholemodule;
				SWIFT_OPTIMIZATION_LEVEL = "-O";
				VALIDATE_PRODUCT = YES;
			};
			name = Release;
		};
		557FD5BE270E9040002B188F /* Debug */ = {
			isa = XCBuildConfiguration;
			buildSettings = {
				ASSETCATALOG_COMPILER_APPICON_NAME = AppIcon;
				ASSETCATALOG_COMPILER_GLOBAL_ACCENT_COLOR_NAME = AccentColor;
				CODE_SIGN_STYLE = Automatic;
				CURRENT_PROJECT_VERSION = 1;
				DEVELOPMENT_ASSET_PATHS = "\"FluentStream/Preview Content\"";
				DEVELOPMENT_TEAM = 8NDMC39GJ5;
				ENABLE_PREVIEWS = YES;
				GENERATE_INFOPLIST_FILE = YES;
				INFOPLIST_KEY_UIApplicationSceneManifest_Generation = YES;
				INFOPLIST_KEY_UIApplicationSupportsIndirectInputEvents = YES;
				INFOPLIST_KEY_UILaunchScreen_Generation = YES;
				INFOPLIST_KEY_UISupportedInterfaceOrientations_iPad = "UIInterfaceOrientationPortrait UIInterfaceOrientationPortraitUpsideDown UIInterfaceOrientationLandscapeLeft UIInterfaceOrientationLandscapeRight";
				INFOPLIST_KEY_UISupportedInterfaceOrientations_iPhone = "UIInterfaceOrientationPortrait UIInterfaceOrientationLandscapeLeft UIInterfaceOrientationLandscapeRight";
				IPHONEOS_DEPLOYMENT_TARGET = 14.4;
				LD_RUNPATH_SEARCH_PATHS = (
					"$(inherited)",
					"@executable_path/Frameworks",
				);
				MARKETING_VERSION = 1.0;
				PRODUCT_BUNDLE_IDENTIFIER = com.kylemusco.FluentStream;
				PRODUCT_NAME = "$(TARGET_NAME)";
				SWIFT_EMIT_LOC_STRINGS = YES;
				SWIFT_VERSION = 5.0;
				TARGETED_DEVICE_FAMILY = "1,2";
			};
			name = Debug;
		};
		557FD5BF270E9040002B188F /* Release */ = {
			isa = XCBuildConfiguration;
			buildSettings = {
				ASSETCATALOG_COMPILER_APPICON_NAME = AppIcon;
				ASSETCATALOG_COMPILER_GLOBAL_ACCENT_COLOR_NAME = AccentColor;
				CODE_SIGN_STYLE = Automatic;
				CURRENT_PROJECT_VERSION = 1;
				DEVELOPMENT_ASSET_PATHS = "\"FluentStream/Preview Content\"";
				DEVELOPMENT_TEAM = 8NDMC39GJ5;
				ENABLE_PREVIEWS = YES;
				GENERATE_INFOPLIST_FILE = YES;
				INFOPLIST_KEY_UIApplicationSceneManifest_Generation = YES;
				INFOPLIST_KEY_UIApplicationSupportsIndirectInputEvents = YES;
				INFOPLIST_KEY_UILaunchScreen_Generation = YES;
				INFOPLIST_KEY_UISupportedInterfaceOrientations_iPad = "UIInterfaceOrientationPortrait UIInterfaceOrientationPortraitUpsideDown UIInterfaceOrientationLandscapeLeft UIInterfaceOrientationLandscapeRight";
				INFOPLIST_KEY_UISupportedInterfaceOrientations_iPhone = "UIInterfaceOrientationPortrait UIInterfaceOrientationLandscapeLeft UIInterfaceOrientationLandscapeRight";
				IPHONEOS_DEPLOYMENT_TARGET = 14.4;
				LD_RUNPATH_SEARCH_PATHS = (
					"$(inherited)",
					"@executable_path/Frameworks",
				);
				MARKETING_VERSION = 1.0;
				PRODUCT_BUNDLE_IDENTIFIER = com.kylemusco.FluentStream;
				PRODUCT_NAME = "$(TARGET_NAME)";
				SWIFT_EMIT_LOC_STRINGS = YES;
				SWIFT_VERSION = 5.0;
				TARGETED_DEVICE_FAMILY = "1,2";
			};
			name = Release;
		};
		557FD5C1270E9040002B188F /* Debug */ = {
			isa = XCBuildConfiguration;
			buildSettings = {
				ALWAYS_EMBED_SWIFT_STANDARD_LIBRARIES = YES;
				BUNDLE_LOADER = "$(TEST_HOST)";
				CODE_SIGN_STYLE = Automatic;
				CURRENT_PROJECT_VERSION = 1;
				DEVELOPMENT_TEAM = 8NDMC39GJ5;
				GENERATE_INFOPLIST_FILE = YES;
				IPHONEOS_DEPLOYMENT_TARGET = 14.0;
				LD_RUNPATH_SEARCH_PATHS = (
					"$(inherited)",
					"@executable_path/Frameworks",
					"@loader_path/Frameworks",
				);
				MARKETING_VERSION = 1.0;
				PRODUCT_BUNDLE_IDENTIFIER = com.kylemusco.FluentStreamTests;
				PRODUCT_NAME = "$(TARGET_NAME)";
				SWIFT_EMIT_LOC_STRINGS = NO;
				SWIFT_VERSION = 5.0;
				TARGETED_DEVICE_FAMILY = "1,2";
				TEST_HOST = "$(BUILT_PRODUCTS_DIR)/FluentStream.app/FluentStream";
			};
			name = Debug;
		};
		557FD5C2270E9040002B188F /* Release */ = {
			isa = XCBuildConfiguration;
			buildSettings = {
				ALWAYS_EMBED_SWIFT_STANDARD_LIBRARIES = YES;
				BUNDLE_LOADER = "$(TEST_HOST)";
				CODE_SIGN_STYLE = Automatic;
				CURRENT_PROJECT_VERSION = 1;
				DEVELOPMENT_TEAM = 8NDMC39GJ5;
				GENERATE_INFOPLIST_FILE = YES;
				IPHONEOS_DEPLOYMENT_TARGET = 14.0;
				LD_RUNPATH_SEARCH_PATHS = (
					"$(inherited)",
					"@executable_path/Frameworks",
					"@loader_path/Frameworks",
				);
				MARKETING_VERSION = 1.0;
				PRODUCT_BUNDLE_IDENTIFIER = com.kylemusco.FluentStreamTests;
				PRODUCT_NAME = "$(TARGET_NAME)";
				SWIFT_EMIT_LOC_STRINGS = NO;
				SWIFT_VERSION = 5.0;
				TARGETED_DEVICE_FAMILY = "1,2";
				TEST_HOST = "$(BUILT_PRODUCTS_DIR)/FluentStream.app/FluentStream";
			};
			name = Release;
		};
		557FD5C4270E9040002B188F /* Debug */ = {
			isa = XCBuildConfiguration;
			buildSettings = {
				ALWAYS_EMBED_SWIFT_STANDARD_LIBRARIES = YES;
				CODE_SIGN_STYLE = Automatic;
				CURRENT_PROJECT_VERSION = 1;
				DEVELOPMENT_TEAM = 8NDMC39GJ5;
				GENERATE_INFOPLIST_FILE = YES;
				LD_RUNPATH_SEARCH_PATHS = (
					"$(inherited)",
					"@executable_path/Frameworks",
					"@loader_path/Frameworks",
				);
				MARKETING_VERSION = 1.0;
				PRODUCT_BUNDLE_IDENTIFIER = com.kylemusco.FluentStreamUITests;
				PRODUCT_NAME = "$(TARGET_NAME)";
				SWIFT_EMIT_LOC_STRINGS = NO;
				SWIFT_VERSION = 5.0;
				TARGETED_DEVICE_FAMILY = "1,2";
				TEST_TARGET_NAME = FluentStream;
			};
			name = Debug;
		};
		557FD5C5270E9040002B188F /* Release */ = {
			isa = XCBuildConfiguration;
			buildSettings = {
				ALWAYS_EMBED_SWIFT_STANDARD_LIBRARIES = YES;
				CODE_SIGN_STYLE = Automatic;
				CURRENT_PROJECT_VERSION = 1;
				DEVELOPMENT_TEAM = 8NDMC39GJ5;
				GENERATE_INFOPLIST_FILE = YES;
				LD_RUNPATH_SEARCH_PATHS = (
					"$(inherited)",
					"@executable_path/Frameworks",
					"@loader_path/Frameworks",
				);
				MARKETING_VERSION = 1.0;
				PRODUCT_BUNDLE_IDENTIFIER = com.kylemusco.FluentStreamUITests;
				PRODUCT_NAME = "$(TARGET_NAME)";
				SWIFT_EMIT_LOC_STRINGS = NO;
				SWIFT_VERSION = 5.0;
				TARGETED_DEVICE_FAMILY = "1,2";
				TEST_TARGET_NAME = FluentStream;
			};
			name = Release;
		};
/* End XCBuildConfiguration section */

/* Begin XCConfigurationList section */
		557FD594270E903D002B188F /* Build configuration list for PBXProject "FluentStream" */ = {
			isa = XCConfigurationList;
			buildConfigurations = (
				557FD5BB270E9040002B188F /* Debug */,
				557FD5BC270E9040002B188F /* Release */,
			);
			defaultConfigurationIsVisible = 0;
			defaultConfigurationName = Release;
		};
		557FD5BD270E9040002B188F /* Build configuration list for PBXNativeTarget "FluentStream" */ = {
			isa = XCConfigurationList;
			buildConfigurations = (
				557FD5BE270E9040002B188F /* Debug */,
				557FD5BF270E9040002B188F /* Release */,
			);
			defaultConfigurationIsVisible = 0;
			defaultConfigurationName = Release;
		};
		557FD5C0270E9040002B188F /* Build configuration list for PBXNativeTarget "FluentStreamTests" */ = {
			isa = XCConfigurationList;
			buildConfigurations = (
				557FD5C1270E9040002B188F /* Debug */,
				557FD5C2270E9040002B188F /* Release */,
			);
			defaultConfigurationIsVisible = 0;
			defaultConfigurationName = Release;
		};
		557FD5C3270E9040002B188F /* Build configuration list for PBXNativeTarget "FluentStreamUITests" */ = {
			isa = XCConfigurationList;
			buildConfigurations = (
				557FD5C4270E9040002B188F /* Debug */,
				557FD5C5270E9040002B188F /* Release */,
			);
			defaultConfigurationIsVisible = 0;
			defaultConfigurationName = Release;
		};
/* End XCConfigurationList section */
	};
	rootObject = 557FD591270E903D002B188F /* Project object */;
}
